<Solution>
  <Project Path="../reactprojectsimplegame/reactprojectsimplegame.esproj">
    <Build />
    <Deploy />
  </Project>
  <Project Path="../reactprojectTreeEtalon/reactprojecttreeetalon.esproj">
    <Build />
    <Deploy />
  </Project>
  <Project Path="aviationshuttle.esproj">
    <Build />
    <Deploy />
  </Project>
</Solution>
