
Microsoft Visual Studio Solution File, Format Version 12.00
# Visual Studio Version 18
VisualStudioVersion = 18.4.11626.88
MinimumVisualStudioVersion = 10.0.40219.1
Project("{54A90642-561A-4BB1-A94E-469ADEE60C69}") = "TypeScriptLibrary", "TypeScriptLibrary.esproj", "{19B62736-FCA5-39A8-4A95-0A56E1F10C92}"
EndProject
Project("{FAE04EC0-301F-11D3-BF4B-00C04F79EFBC}") = "Abstract3DConverters", "..\..\DynamicLinkLibraries\3DConverters\Abstract3DConverters\Abstract3DConverters.csproj", "{F256D574-2248-63F9-170C-2C303328646A}"
EndProject
Global
	GlobalSection(SolutionConfigurationPlatforms) = preSolution
		Debug|Any CPU = Debug|Any CPU
		Release|Any CPU = Release|Any CPU
	EndGlobalSection
	GlobalSection(ProjectConfigurationPlatforms) = postSolution
		{19B62736-FCA5-39A8-4A95-0A56E1F10C92}.Debug|Any CPU.ActiveCfg = Debug|Any CPU
		{19B62736-FCA5-39A8-4A95-0A56E1F10C92}.Debug|Any CPU.Build.0 = Debug|Any CPU
		{19B62736-FCA5-39A8-4A95-0A56E1F10C92}.Debug|Any CPU.Deploy.0 = Debug|Any CPU
		{19B62736-FCA5-39A8-4A95-0A56E1F10C92}.Release|Any CPU.ActiveCfg = Release|Any CPU
		{19B62736-FCA5-39A8-4A95-0A56E1F10C92}.Release|Any CPU.Build.0 = Release|Any CPU
		{19B62736-FCA5-39A8-4A95-0A56E1F10C92}.Release|Any CPU.Deploy.0 = Release|Any CPU
		{F256D574-2248-63F9-170C-2C303328646A}.Debug|Any CPU.ActiveCfg = Debug|Any CPU
		{F256D574-2248-63F9-170C-2C303328646A}.Debug|Any CPU.Build.0 = Debug|Any CPU
		{F256D574-2248-63F9-170C-2C303328646A}.Release|Any CPU.ActiveCfg = Release|Any CPU
		{F256D574-2248-63F9-170C-2C303328646A}.Release|Any CPU.Build.0 = Release|Any CPU
	EndGlobalSection
	GlobalSection(SolutionProperties) = preSolution
		HideSolutionNode = FALSE
	EndGlobalSection
	GlobalSection(ExtensibilityGlobals) = postSolution
		SolutionGuid = {DBB28106-DE32-4CFF-B95E-F02B3F22AA2D}
	EndGlobalSection
EndGlobal
